// !$*UTF8*$!
{
	archiveVersion = 1;
	classes = {
	};
	objectVersion = 77;
	objects = {

/* Begin PBXContainerItemProxy section */
		A248B5AD2E30A6270068B89C /* PBXContainerItemProxy */ = {
			isa = PBXContainerItemProxy;
			containerPortal = A248B5962E30A6260068B89C /* Project object */;
			proxyType = 1;
			remoteGlobalIDString = A248B59D2E30A6270068B89C;
			remoteInfo = InstaGo;
		};
		A248B5B72E30A6270068B89C /* PBXContainerItemProxy */ = {
			isa = PBXContainerItemProxy;
			containerPortal = A248B5962E30A6260068B89C /* Project object */;
			proxyType = 1;
			remoteGlobalIDString = A248B59D2E30A6270068B89C;
			remoteInfo = InstaGo;
		};
/* End PBXContainerItemProxy section */

/* Begin PBXFileReference section */
		A248B59E2E30A6270068B89C /* InstaGo.app */ = {isa = PBXFileReference; explicitFileType = wrapper.application; includeInIndex = 0; path = InstaGo.app; sourceTree = BUILT_PRODUCTS_DIR; };
		A248B5AC2E30A6270068B89C /* InstaGoTests.xctest */ = {isa = PBXFileReference; explicitFileType = wrapper.cfbundle; includeInIndex = 0; path = InstaGoTests.xctest; sourceTree = BUILT_PRODUCTS_DIR; };
		A248B5B62E30A6270068B89C /* InstaGoUITests.xctest */ = {isa = PBXFileReference; explicitFileType = wrapper.cfbundle; includeInIndex = 0; path = InstaGoUITests.xctest; sourceTree = BUILT_PRODUCTS_DIR; };
/* End PBXFileReference section */

/* Begin PBXFileSystemSynchronizedBuildFileExceptionSet section */
		A248B6032E33B0970068B89C /* Exceptions for "InstaGo" folder in "InstaGo" target */ = {
			isa = PBXFileSystemSynchronizedBuildFileExceptionSet;
			membershipExceptions = (
				Info.plist,
			);
			target = A248B59D2E30A6270068B89C /* InstaGo */;
		};
/* End PBXFileSystemSynchronizedBuildFileExceptionSet section */

/* Begin PBXFileSystemSynchronizedRootGroup section */
		A248B5A02E30A6270068B89C /* InstaGo */ = {
			isa = PBXFileSystemSynchronizedRootGroup;
			exceptions = (
				A248B6032E33B0970068B89C /* Exceptions for "InstaGo" folder in "InstaGo" target */,
			);
			path = InstaGo;
			sourceTree = "<group>";
		};
		A248B5AF2E30A6270068B89C /* InstaGoTests */ = {
			isa = PBXFileSystemSynchronizedRootGroup;
			path = InstaGoTests;
			sourceTree = "<group>";
		};
		A248B5B92E30A6270068B89C /* InstaGoUITests */ = {
			isa = PBXFileSystemSynchronizedRootGroup;
			path = InstaGoUITests;
			sourceTree = "<group>";
		};
/* End PBXFileSystemSynchronizedRootGroup section */

/* Begin PBXFrameworksBuildPhase section */
		A248B59B2E30A6270068B89C /* Frameworks */ = {
			isa = PBXFrameworksBuildPhase;
			buildActionMask = 2147483647;
			files = (
			);
			runOnlyForDeploymentPostprocessing = 0;
		};
		A248B5A92E30A6270068B89C /* Frameworks */ = {
			isa = PBXFrameworksBuildPhase;
			buildActionMask = 2147483647;
			files = (
			);
			runOnlyForDeploymentPostprocessing = 0;
		};
		A248B5B32E30A6270068B89C /* Frameworks */ = {
			isa = PBXFrameworksBuildPhase;
			buildActionMask = 2147483647;
			files = (
			);
			runOnlyForDeploymentPostprocessing = 0;
		};
/* End PBXFrameworksBuildPhase section */

/* Begin PBXGroup section */
		A248B5952E30A6260068B89C = {
			isa = PBXGroup;
			children = (
				A248B5A02E30A6270068B89C /* InstaGo */,
				A248B5AF2E30A6270068B89C /* InstaGoTests */,
				A248B5B92E30A6270068B89C /* InstaGoUITests */,
				A248B59F2E30A6270068B89C /* Products */,
			);
			sourceTree = "<group>";
		};
		A248B59F2E30A6270068B89C /* Products */ = {
			isa = PBXGroup;
			children = (
				A248B59E2E30A6270068B89C /* InstaGo.app */,
				A248B5AC2E30A6270068B89C /* InstaGoTests.xctest */,
				A248B5B62E30A6270068B89C /* InstaGoUITests.xctest */,
			);
			name = Products;
			sourceTree = "<group>";
		};
/* End PBXGroup section */

/* Begin PBXNativeTarget section */
		A248B59D2E30A6270068B89C /* InstaGo */ = {
			isa = PBXNativeTarget;
			buildConfigurationList = A248B5C02E30A6270068B89C /* Build configuration list for PBXNativeTarget "InstaGo" */;
			buildPhases = (
				A248B59A2E30A6270068B89C /* Sources */,
				A248B59B2E30A6270068B89C /* Frameworks */,
				A248B59C2E30A6270068B89C /* Resources */,
			);
			buildRules = (
			);
			dependencies = (
			);
			fileSystemSynchronizedGroups = (
				A248B5A02E30A6270068B89C /* InstaGo */,
			);
			name = InstaGo;
			packageProductDependencies = (
			);
			productName = InstaGo;
			productReference = A248B59E2E30A6270068B89C /* InstaGo.app */;
			productType = "com.apple.product-type.application";
		};
		A248B5AB2E30A6270068B89C /* InstaGoTests */ = {
			isa = PBXNativeTarget;
			buildConfigurationList = A248B5C32E30A6270068B89C /* Build configuration list for PBXNativeTarget "InstaGoTests" */;
			buildPhases = (
				A248B5A82E30A6270068B89C /* Sources */,
				A248B5A92E30A6270068B89C /* Frameworks */,
				A248B5AA2E30A6270068B89C /* Resources */,
			);
			buildRules = (
			);
			dependencies = (
				A248B5AE2E30A6270068B89C /* PBXTargetDependency */,
			);
			fileSystemSynchronizedGroups = (
				A248B5AF2E30A6270068B89C /* InstaGoTests */,
			);
			name = InstaGoTests;
			packageProductDependencies = (
			);
			productName = InstaGoTests;
			productReference = A248B5AC2E30A6270068B89C /* InstaGoTests.xctest */;
			productType = "com.apple.product-type.bundle.unit-test";
		};
		A248B5B52E30A6270068B89C /* InstaGoUITests */ = {
			isa = PBXNativeTarget;
			buildConfigurationList = A248B5C62E30A6270068B89C /* Build configuration list for PBXNativeTarget "InstaGoUITests" */;
			buildPhases = (
				A248B5B22E30A6270068B89C /* Sources */,
				A248B5B32E30A6270068B89C /* Frameworks */,
				A248B5B42E30A6270068B89C /* Resources */,
			);
			buildRules = (
			);
			dependencies = (
				A248B5B82E30A6270068B89C /* PBXTargetDependency */,
			);
			fileSystemSynchronizedGroups = (
				A248B5B92E30A6270068B89C /* InstaGoUITests */,
			);
			name = InstaGoUITests;
			packageProductDependencies = (
			);
			productName = InstaGoUITests;
			productReference = A248B5B62E30A6270068B89C /* InstaGoUITests.xctest */;
			productType = "com.apple.product-type.bundle.ui-testing";
		};
/* End PBXNativeTarget section */

/* Begin PBXProject section */
		A248B5962E30A6260068B89C /* Project object */ = {
			isa = PBXProject;
			attributes = {
				BuildIndependentTargetsInParallel = 1;
				LastSwiftUpdateCheck = 1640;
				LastUpgradeCheck = 1640;
				TargetAttributes = {
					A248B59D2E30A6270068B89C = {
						CreatedOnToolsVersion = 16.4;
					};
					A248B5AB2E30A6270068B89C = {
						CreatedOnToolsVersion = 16.4;
						TestTargetID = A248B59D2E30A6270068B89C;
					};
					A248B5B52E30A6270068B89C = {
						CreatedOnToolsVersion = 16.4;
						TestTargetID = A248B59D2E30A6270068B89C;
					};
				};
			};
			buildConfigurationList = A248B5992E30A6260068B89C /* Build configuration list for PBXProject "InstaGo" */;
			developmentRegion = en;
			hasScannedForEncodings = 0;
			knownRegions = (
				en,
				Base,
			);
			mainGroup = A248B5952E30A6260068B89C;
			minimizedProjectReferenceProxies = 1;
			preferredProjectObjectVersion = 77;
			productRefGroup = A248B59F2E30A6270068B89C /* Products */;
			projectDirPath = "";
			projectRoot = "";
			targets = (
				A248B59D2E30A6270068B89C /* InstaGo */,
				A248B5AB2E30A6270068B89C /* InstaGoTests */,
				A248B5B52E30A6270068B89C /* InstaGoUITests */,
			);
		};
/* End PBXProject section */

/* Begin PBXResourcesBuildPhase section */
		A248B59C2E30A6270068B89C /* Resources */ = {
			isa = PBXResourcesBuildPhase;
			buildActionMask = 2147483647;
			files = (
			);
			runOnlyForDeploymentPostprocessing = 0;
		};
		A248B5AA2E30A6270068B89C /* Resources */ = {
			isa = PBXResourcesBuildPhase;
			buildActionMask = 2147483647;
			files = (
			);
			runOnlyForDeploymentPostprocessing = 0;
		};
		A248B5B42E30A6270068B89C /* Resources */ = {
			isa = PBXResourcesBuildPhase;
			buildActionMask = 2147483647;
			files = (
			);
			runOnlyForDeploymentPostprocessing = 0;
		};
/* End PBXResourcesBuildPhase section */

/* Begin PBXSourcesBuildPhase section */
		A248B59A2E30A6270068B89C /* Sources */ = {
			isa = PBXSourcesBuildPhase;
			buildActionMask = 2147483647;
			files = (
			);
			runOnlyForDeploymentPostprocessing = 0;
		};
		A248B5A82E30A6270068B89C /* Sources */ = {
			isa = PBXSourcesBuildPhase;
			buildActionMask = 2147483647;
			files = (
			);
			runOnlyForDeploymentPostprocessing = 0;
		};
		A248B5B22E30A6270068B89C /* Sources */ = {
			isa = PBXSourcesBuildPhase;
			buildActionMask = 2147483647;
			files = (
			);
			runOnlyForDeploymentPostprocessing = 0;
		};
/* End PBXSourcesBuildPhase section */

/* Begin PBXTargetDependency section */
		A248B5AE2E30A6270068B89C /* PBXTargetDependency */ = {
			isa = PBXTargetDependency;
			target = A248B59D2E30A6270068B89C /* InstaGo */;
			targetProxy = A248B5AD2E30A6270068B89C /* PBXContainerItemProxy */;
		};
		A248B5B82E30A6270068B89C /* PBXTargetDependency */ = {
			isa = PBXTargetDependency;
			target = A248B59D2E30A6270068B89C /* InstaGo */;
			targetProxy = A248B5B72E30A6270068B89C /* PBXContainerItemProxy */;
		};
/* End PBXTargetDependency section */

/* Begin XCBuildConfiguration section */
		A248B5BE2E30A6270068B89C /* Debug */ = {
			isa = XCBuildConfiguration;
			buildSettings = {
				ALWAYS_SEARCH_USER_PATHS = NO;
				ASSETCATALOG_COMPILER_GENERATE_SWIFT_ASSET_SYMBOL_EXTENSIONS = YES;
				CLANG_ANALYZER_NONNULL = YES;
				CLANG_ANALYZER_NUMBER_OBJECT_CONVERSION = YES_AGGRESSIVE;
				CLANG_CXX_LANGUAGE_STANDARD = "gnu++20";
				CLANG_ENABLE_MODULES = YES;
				CLANG_ENABLE_OBJC_ARC = YES;
				CLANG_ENABLE_OBJC_WEAK = YES;
				CLANG_WARN_BLOCK_CAPTURE_AUTORELEASING = YES;
				CLANG_WARN_BOOL_CONVERSION = YES;
				CLANG_WARN_COMMA = YES;
				CLANG_WARN_CONSTANT_CONVERSION = YES;
				CLANG_WARN_DEPRECATED_OBJC_IMPLEMENTATIONS = YES;
				CLANG_WARN_DIRECT_OBJC_ISA_USAGE = YES_ERROR;
				CLANG_WARN_DOCUMENTATION_COMMENTS = YES;
				CLANG_WARN_EMPTY_BODY = YES;
				CLANG_WARN_ENUM_CONVERSION = YES;
				CLANG_WARN_INFINITE_RECURSION = YES;
				CLANG_WARN_INT_CONVERSION = YES;
				CLANG_WARN_NON_LITERAL_NULL_CONVERSION = YES;
				CLANG_WARN_OBJC_IMPLICIT_RETAIN_SELF = YES;
				CLANG_WARN_OBJC_LITERAL_CONVERSION = YES;
				CLANG_WARN_OBJC_ROOT_CLASS = YES_ERROR;
				CLANG_WARN_QUOTED_INCLUDE_IN_FRAMEWORK_HEADER = YES;
				CLANG_WARN_RANGE_LOOP_ANALYSIS = YES;
				CLANG_WARN_STRICT_PROTOTYPES = YES;
				CLANG_WARN_SUSPICIOUS_MOVE = YES;
				CLANG_WARN_UNGUARDED_AVAILABILITY = YES_AGGRESSIVE;
				CLANG_WARN_UNREACHABLE_CODE = YES;
				CLANG_WARN__DUPLICATE_METHOD_MATCH = YES;
				COPY_PHASE_STRIP = NO;
				DEBUG_INFORMATION_FORMAT = dwarf;
				ENABLE_STRICT_OBJC_MSGSEND = YES;
				ENABLE_TESTABILITY = YES;
				ENABLE_USER_SCRIPT_SANDBOXING = YES;
				GCC_C_LANGUAGE_STANDARD = gnu17;
				GCC_DYNAMIC_NO_PIC = NO;
				GCC_NO_COMMON_BLOCKS = YES;
				GCC_OPTIMIZATION_LEVEL = 0;
				GCC_PREPROCESSOR_DEFINITIONS = (
					"DEBUG=1",
					"$(inherited)",
				);
				GCC_WARN_64_TO_32_BIT_CONVERSION = YES;
				GCC_WARN_ABOUT_RETURN_TYPE = YES_ERROR;
				GCC_WARN_UNDECLARED_SELECTOR = YES;
				GCC_WARN_UNINITIALIZED_AUTOS = YES_AGGRESSIVE;
				GCC_WARN_UNUSED_FUNCTION = YES;
				GCC_WARN_UNUSED_VARIABLE = YES;
				LOCALIZATION_PREFERS_STRING_CATALOGS = YES;
				MACOSX_DEPLOYMENT_TARGET = 15.5;
				MTL_ENABLE_DEBUG_INFO = INCLUDE_SOURCE;
				MTL_FAST_MATH = YES;
				ONLY_ACTIVE_ARCH = YES;
				SDKROOT = macosx;
				SWIFT_ACTIVE_COMPILATION_CONDITIONS = "DEBUG $(inherited)";
				SWIFT_OPTIMIZATION_LEVEL = "-Onone";
			};
			name = Debug;
		};
		A248B5BF2E30A6270068B89C /* Release */ = {
			isa = XCBuildConfiguration;
			buildSettings = {
				ALWAYS_SEARCH_USER_PATHS = NO;
				ASSETCATALOG_COMPILER_GENERATE_SWIFT_ASSET_SYMBOL_EXTENSIONS = YES;
				CLANG_ANALYZER_NONNULL = YES;
				CLANG_ANALYZER_NUMBER_OBJECT_CONVERSION = YES_AGGRESSIVE;
				CLANG_CXX_LANGUAGE_STANDARD = "gnu++20";
				CLANG_ENABLE_MODULES = YES;
				CLANG_ENABLE_OBJC_ARC = YES;
				CLANG_ENABLE_OBJC_WEAK = YES;
				CLANG_WARN_BLOCK_CAPTURE_AUTORELEASING = YES;
				CLANG_WARN_BOOL_CONVERSION = YES;
				CLANG_WARN_COMMA = YES;
				CLANG_WARN_CONSTANT_CONVERSION = YES;
				CLANG_WARN_DEPRECATED_OBJC_IMPLEMENTATIONS = YES;
				CLANG_WARN_DIRECT_OBJC_ISA_USAGE = YES_ERROR;
				CLANG_WARN_DOCUMENTATION_COMMENTS = YES;
				CLANG_WARN_EMPTY_BODY = YES;
				CLANG_WARN_ENUM_CONVERSION = YES;
				CLANG_WARN_INFINITE_RECURSION = YES;
				CLANG_WARN_INT_CONVERSION = YES;
				CLANG_WARN_NON_LITERAL_NULL_CONVERSION = YES;
				CLANG_WARN_OBJC_IMPLICIT_RETAIN_SELF = YES;
				CLANG_WARN_OBJC_LITERAL_CONVERSION = YES;
				CLANG_WARN_OBJC_ROOT_CLASS = YES_ERROR;
				CLANG_WARN_QUOTED_INCLUDE_IN_FRAMEWORK_HEADER = YES;
				CLANG_WARN_RANGE_LOOP_ANALYSIS = YES;
				CLANG_WARN_STRICT_PROTOTYPES = YES;
				CLANG_WARN_SUSPICIOUS_MOVE = YES;
				CLANG_WARN_UNGUARDED_AVAILABILITY = YES_AGGRESSIVE;
				CLANG_WARN_UNREACHABLE_CODE = YES;
				CLANG_WARN__DUPLICATE_METHOD_MATCH = YES;
				COPY_PHASE_STRIP = NO;
				DEBUG_INFORMATION_FORMAT = "dwarf-with-dsym";
				ENABLE_NS_ASSERTIONS = NO;
				ENABLE_STRICT_OBJC_MSGSEND = YES;
				ENABLE_USER_SCRIPT_SANDBOXING = YES;
				GCC_C_LANGUAGE_STANDARD = gnu17;
				GCC_NO_COMMON_BLOCKS = YES;
				GCC_WARN_64_TO_32_BIT_CONVERSION = YES;
				GCC_WARN_ABOUT_RETURN_TYPE = YES_ERROR;
				GCC_WARN_UNDECLARED_SELECTOR = YES;
				GCC_WARN_UNINITIALIZED_AUTOS = YES_AGGRESSIVE;
				GCC_WARN_UNUSED_FUNCTION = YES;
				GCC_WARN_UNUSED_VARIABLE = YES;
				LOCALIZATION_PREFERS_STRING_CATALOGS = YES;
				MACOSX_DEPLOYMENT_TARGET = 15.5;
				MTL_ENABLE_DEBUG_INFO = NO;
				MTL_FAST_MATH = YES;
				SDKROOT = macosx;
				SWIFT_COMPILATION_MODE = wholemodule;
			};
			name = Release;
		};
		A248B5C12E30A6270068B89C /* Debug */ = {
			isa = XCBuildConfiguration;
			buildSettings = {
				ASSETCATALOG_COMPILER_APPICON_NAME = AppIcon;
				ASSETCATALOG_COMPILER_GLOBAL_ACCENT_COLOR_NAME = AccentColor;
				CODE_SIGN_ENTITLEMENTS = InstaGo/InstaGo.entitlements;
				CODE_SIGN_STYLE = Automatic;
				COMBINE_HIDPI_IMAGES = YES;
				CURRENT_PROJECT_VERSION = 1;
				ENABLE_PREVIEWS = YES;
				GENERATE_INFOPLIST_FILE = YES;
				INFOPLIST_FILE = InstaGo/Info.plist;
				INFOPLIST_KEY_NSHumanReadableCopyright = "";
				LD_RUNPATH_SEARCH_PATHS = (
					"$(inherited)",
					"@executable_path/../Frameworks",
				);
				MARKETING_VERSION = 1.0;
				PRODUCT_BUNDLE_IDENTIFIER = adxinstago.InstaGo;
				PRODUCT_NAME = "$(TARGET_NAME)";
				REGISTER_APP_GROUPS = YES;
				SWIFT_EMIT_LOC_STRINGS = YES;
				SWIFT_VERSION = 5.0;
			};
			name = Debug;
		};
		A248B5C22E30A6270068B89C /* Release */ = {
			isa = XCBuildConfiguration;
			buildSettings = {
				ASSETCATALOG_COMPILER_APPICON_NAME = AppIcon;
				ASSETCATALOG_COMPILER_GLOBAL_ACCENT_COLOR_NAME = AccentColor;
				CODE_SIGN_ENTITLEMENTS = InstaGo/InstaGo.entitlements;
				CODE_SIGN_STYLE = Automatic;
				COMBINE_HIDPI_IMAGES = YES;
				CURRENT_PROJECT_VERSION = 1;
				ENABLE_PREVIEWS = YES;
				GENERATE_INFOPLIST_FILE = YES;
				INFOPLIST_FILE = InstaGo/Info.plist;
				INFOPLIST_KEY_NSHumanReadableCopyright = "";
				LD_RUNPATH_SEARCH_PATHS = (
					"$(inherited)",
					"@executable_path/../Frameworks",
				);
				MARKETING_VERSION = 1.0;
				PRODUCT_BUNDLE_IDENTIFIER = adxinstago.InstaGo;
				PRODUCT_NAME = "$(TARGET_NAME)";
				REGISTER_APP_GROUPS = YES;
				SWIFT_EMIT_LOC_STRINGS = YES;
				SWIFT_VERSION = 5.0;
			};
			name = Release;
		};
		A248B5C42E30A6270068B89C /* Debug */ = {
			isa = XCBuildConfiguration;
			buildSettings = {
				BUNDLE_LOADER = "$(TEST_HOST)";
				CODE_SIGN_STYLE = Automatic;
				CURRENT_PROJECT_VERSION = 1;
				GENERATE_INFOPLIST_FILE = YES;
				MACOSX_DEPLOYMENT_TARGET = 15.5;
				MARKETING_VERSION = 1.0;
				PRODUCT_BUNDLE_IDENTIFIER = adxinstago.InstaGoTests;
				PRODUCT_NAME = "$(TARGET_NAME)";
				SWIFT_EMIT_LOC_STRINGS = NO;
				SWIFT_VERSION = 5.0;
				TEST_HOST = "$(BUILT_PRODUCTS_DIR)/InstaGo.app/$(BUNDLE_EXECUTABLE_FOLDER_PATH)/InstaGo";
			};
			name = Debug;
		};
		A248B5C52E30A6270068B89C /* Release */ = {
			isa = XCBuildConfiguration;
			buildSettings = {
				BUNDLE_LOADER = "$(TEST_HOST)";
				CODE_SIGN_STYLE = Automatic;
				CURRENT_PROJECT_VERSION = 1;
				GENERATE_INFOPLIST_FILE = YES;
				MACOSX_DEPLOYMENT_TARGET = 15.5;
				MARKETING_VERSION = 1.0;
				PRODUCT_BUNDLE_IDENTIFIER = adxinstago.InstaGoTests;
				PRODUCT_NAME = "$(TARGET_NAME)";
				SWIFT_EMIT_LOC_STRINGS = NO;
				SWIFT_VERSION = 5.0;
				TEST_HOST = "$(BUILT_PRODUCTS_DIR)/InstaGo.app/$(BUNDLE_EXECUTABLE_FOLDER_PATH)/InstaGo";
			};
			name = Release;
		};
		A248B5C72E30A6270068B89C /* Debug */ = {
			isa = XCBuildConfiguration;
			buildSettings = {
				CODE_SIGN_STYLE = Automatic;
				CURRENT_PROJECT_VERSION = 1;
				GENERATE_INFOPLIST_FILE = YES;
				MARKETING_VERSION = 1.0;
				PRODUCT_BUNDLE_IDENTIFIER = adxinstago.InstaGoUITests;
				PRODUCT_NAME = "$(TARGET_NAME)";
				SWIFT_EMIT_LOC_STRINGS = NO;
				SWIFT_VERSION = 5.0;
				TEST_TARGET_NAME = InstaGo;
			};
			name = Debug;
		};
		A248B5C82E30A6270068B89C /* Release */ = {
			isa = XCBuildConfiguration;
			buildSettings = {
				CODE_SIGN_STYLE = Automatic;
				CURRENT_PROJECT_VERSION = 1;
				GENERATE_INFOPLIST_FILE = YES;
				MARKETING_VERSION = 1.0;
				PRODUCT_BUNDLE_IDENTIFIER = adxinstago.InstaGoUITests;
				PRODUCT_NAME = "$(TARGET_NAME)";
				SWIFT_EMIT_LOC_STRINGS = NO;
				SWIFT_VERSION = 5.0;
				TEST_TARGET_NAME = InstaGo;
			};
			name = Release;
		};
/* End XCBuildConfiguration section */

/* Begin XCConfigurationList section */
		A248B5992E30A6260068B89C /* Build configuration list for PBXProject "InstaGo" */ = {
			isa = XCConfigurationList;
			buildConfigurations = (
				A248B5BE2E30A6270068B89C /* Debug */,
				A248B5BF2E30A6270068B89C /* Release */,
			);
			defaultConfigurationIsVisible = 0;
			defaultConfigurationName = Release;
		};
		A248B5C02E30A6270068B89C /* Build configuration list for PBXNativeTarget "InstaGo" */ = {
			isa = XCConfigurationList;
			buildConfigurations = (
				A248B5C12E30A6270068B89C /* Debug */,
				A248B5C22E30A6270068B89C /* Release */,
			);
			defaultConfigurationIsVisible = 0;
			defaultConfigurationName = Release;
		};
		A248B5C32E30A6270068B89C /* Build configuration list for PBXNativeTarget "InstaGoTests" */ = {
			isa = XCConfigurationList;
			buildConfigurations = (
				A248B5C42E30A6270068B89C /* Debug */,
				A248B5C52E30A6270068B89C /* Release */,
			);
			defaultConfigurationIsVisible = 0;
			defaultConfigurationName = Release;
		};
		A248B5C62E30A6270068B89C /* Build configuration list for PBXNativeTarget "InstaGoUITests" */ = {
			isa = XCConfigurationList;
			buildConfigurations = (
				A248B5C72E30A6270068B89C /* Debug */,
				A248B5C82E30A6270068B89C /* Release */,
			);
			defaultConfigurationIsVisible = 0;
			defaultConfigurationName = Release;
		};
/* End XCConfigurationList section */
	};
	rootObject = A248B5962E30A6260068B89C /* Project object */;
}
